
Microsoft Visual Studio Solution File, Format Version 12.00
# Visual Studio Version 17
VisualStudioVersion = 17.4.33403.182
MinimumVisualStudioVersion = 10.0.40219.1
Project("{9A19103F-16F7-4668-BE54-9A1E7A4F7556}") = "Algorithms and DSA", "Algorithms and DSA.csproj", "{8B0C9659-D14F-438C-9992-E98CDD7499AB}"
EndProject
Global
	GlobalSection(SolutionConfigurationPlatforms) = preSolution
		Debug|Any CPU = Debug|Any CPU
		Release|Any CPU = Release|Any CPU
	EndGlobalSection
	GlobalSection(ProjectConfigurationPlatforms) = postSolution
		{8B0C9659-D14F-438C-9992-E98CDD7499AB}.Debug|Any CPU.ActiveCfg = Debug|Any CPU
		{8B0C9659-D14F-438C-9992-E98CDD7499AB}.Debug|Any CPU.Build.0 = Debug|Any CPU
		{8B0C9659-D14F-438C-9992-E98CDD7499AB}.Release|Any CPU.ActiveCfg = Release|Any CPU
		{8B0C9659-D14F-438C-9992-E98CDD7499AB}.Release|Any CPU.Build.0 = Release|Any CPU
	EndGlobalSection
	GlobalSection(SolutionProperties) = preSolution
		HideSolutionNode = FALSE
	EndGlobalSection
	GlobalSection(ExtensibilityGlobals) = postSolution
		SolutionGuid = {3E6F7474-447E-46E8-8263-23364F0D5286}
	EndGlobalSection
EndGlobal
